
Microsoft Visual Studio Solution File, Format Version 11.00
# Visual Studio 2010
Project("{FAE04EC0-301F-11D3-BF4B-00C04F79EFBC}") = "Storage_Management", "Storage_Management\Storage_Management.csproj", "{BFC2B6C8-E65D-49AB-9511-931B6D343D46}"
EndProject
Global
	GlobalSection(SolutionConfigurationPlatforms) = preSolution
		Debug|Any CPU = Debug|Any CPU
		Release|Any CPU = Release|Any CPU
	EndGlobalSection
	GlobalSection(ProjectConfigurationPlatforms) = postSolution
		{BFC2B6C8-E65D-49AB-9511-931B6D343D46}.Debug|Any CPU.ActiveCfg = Debug|Any CPU
		{BFC2B6C8-E65D-49AB-9511-931B6D343D46}.Debug|Any CPU.Build.0 = Debug|Any CPU
		{BFC2B6C8-E65D-49AB-9511-931B6D343D46}.Release|Any CPU.ActiveCfg = Release|Any CPU
		{BFC2B6C8-E65D-49AB-9511-931B6D343D46}.Release|Any CPU.Build.0 = Release|Any CPU
	EndGlobalSection
	GlobalSection(SolutionProperties) = preSolution
		HideSolutionNode = FALSE
	EndGlobalSection
EndGlobal
